PODS:
  - MCListView (0.0.2)
  - MJRefresh (3.2.0)

DEPENDENCIES:
  - MCListView (from `../`)
  - MJRefresh (= 3.2.0)

SPEC REPOS:
  https://github.com/CocoaPods/Specs.git:
    - MJRefresh

EXTERNAL SOURCES:
  MCListView:
    :path: "../"

SPEC CHECKSUMS:
  MCListView: bc319c3ffdfcd45c8009f64416ed75ba240b32e7
  MJRefresh: ed450d6eb9d3346a2cb033ab7eb6de090aeef437

PODFILE CHECKSUM: ff22885e8e5c06eb8f30c42be674ac0beb7e3382

COCOAPODS: 1.8.4
